
Microsoft Visual Studio Solution File, Format Version 12.00
# Visual Studio 15
VisualStudioVersion = 15.0.27130.2020
MinimumVisualStudioVersion = 10.0.40219.1
Project("{FAE04EC0-301F-11D3-BF4B-00C04F79EFBC}") = "VisualReview_CSharp_Client", "VisualReview_CSharp_Client\VisualReview_CSharp_Client.csproj", "{CD21D210-FB16-4097-8E0A-0E6DD50958A8}"
EndProject
Global
	GlobalSection(SolutionConfigurationPlatforms) = preSolution
		Debug|Any CPU = Debug|Any CPU
		Release|Any CPU = Release|Any CPU
	EndGlobalSection
	GlobalSection(ProjectConfigurationPlatforms) = postSolution
		{CD21D210-FB16-4097-8E0A-0E6DD50958A8}.Debug|Any CPU.ActiveCfg = Debug|Any CPU
		{CD21D210-FB16-4097-8E0A-0E6DD50958A8}.Debug|Any CPU.Build.0 = Debug|Any CPU
		{CD21D210-FB16-4097-8E0A-0E6DD50958A8}.Release|Any CPU.ActiveCfg = Release|Any CPU
		{CD21D210-FB16-4097-8E0A-0E6DD50958A8}.Release|Any CPU.Build.0 = Release|Any CPU
	EndGlobalSection
	GlobalSection(SolutionProperties) = preSolution
		HideSolutionNode = FALSE
	EndGlobalSection
	GlobalSection(ExtensibilityGlobals) = postSolution
		SolutionGuid = {994BC958-4CAC-4D30-A8C1-C0631F921589}
	EndGlobalSection
EndGlobal
